
Microsoft Visual Studio Solution File, Format Version 12.00
# Visual Studio Version 17
Project("{8BC9CEB8-8B4A-11D0-8D11-00A0C91BC942}") = "NormalsRotator", "NormalsRotator\NormalsRotator.vcxproj", "{AC0F979A-98DD-8AA0-8171-FBC66DDE6605}"
EndProject
Project("{2150E333-8FDC-42A3-9474-1A3956D46DE8}") = "Dependencies", "Dependencies", "{53E47842-3FC8-3998-A828-34EB942B241A}"
EndProject
Project("{8BC9CEB8-8B4A-11D0-8D11-00A0C91BC942}") = "ImGui", "Elysium\vendor\imgui\ImGui.vcxproj", "{C0FF640D-2C14-8DBE-F595-301E616989EF}"
EndProject
Project("{8BC9CEB8-8B4A-11D0-8D11-00A0C91BC942}") = "ImGuizmo", "Elysium\vendor\imguizmo\ImGuizmo.vcxproj", "{36FD234F-22CA-7E5A-4BE3-6C02370FB4E8}"
EndProject
Project("{8BC9CEB8-8B4A-11D0-8D11-00A0C91BC942}") = "ImNodes", "Elysium\vendor\imnodes\ImNodes.vcxproj", "{34491FFB-A028-9E96-A940-296D159F04F8}"
EndProject
Project("{8BC9CEB8-8B4A-11D0-8D11-00A0C91BC942}") = "Premake", "vendor\premake\Premake.vcxproj", "{6ACC3F23-D6AB-BEBE-DFC3-49954B222520}"
EndProject
Project("{8BC9CEB8-8B4A-11D0-8D11-00A0C91BC942}") = "yaml-cpp", "Elysium\vendor\yaml-cpp\yaml-cpp.vcxproj", "{88F1A057-74BE-FB62-9DD7-E90A890331F1}"
EndProject
Project("{2150E333-8FDC-42A3-9474-1A3956D46DE8}") = "Engine", "Engine", "{8249BEE1-6EAC-4D86-1732-863C03741909}"
EndProject
Project("{8BC9CEB8-8B4A-11D0-8D11-00A0C91BC942}") = "Elysium", "Elysium\Elysium.vcxproj", "{0D94EDC7-7973-6C63-828B-F739EEE9D2C4}"
EndProject
Global
	GlobalSection(SolutionConfigurationPlatforms) = preSolution
		Debug|x64 = Debug|x64
		Dist|x64 = Dist|x64
		Release|x64 = Release|x64
	EndGlobalSection
	GlobalSection(ProjectConfigurationPlatforms) = postSolution
		{AC0F979A-98DD-8AA0-8171-FBC66DDE6605}.Debug|x64.ActiveCfg = Debug|x64
		{AC0F979A-98DD-8AA0-8171-FBC66DDE6605}.Debug|x64.Build.0 = Debug|x64
		{AC0F979A-98DD-8AA0-8171-FBC66DDE6605}.Dist|x64.ActiveCfg = Dist|x64
		{AC0F979A-98DD-8AA0-8171-FBC66DDE6605}.Dist|x64.Build.0 = Dist|x64
		{AC0F979A-98DD-8AA0-8171-FBC66DDE6605}.Release|x64.ActiveCfg = Release|x64
		{AC0F979A-98DD-8AA0-8171-FBC66DDE6605}.Release|x64.Build.0 = Release|x64
		{C0FF640D-2C14-8DBE-F595-301E616989EF}.Debug|x64.ActiveCfg = Debug|x64
		{C0FF640D-2C14-8DBE-F595-301E616989EF}.Debug|x64.Build.0 = Debug|x64
		{C0FF640D-2C14-8DBE-F595-301E616989EF}.Dist|x64.ActiveCfg = Dist|x64
		{C0FF640D-2C14-8DBE-F595-301E616989EF}.Dist|x64.Build.0 = Dist|x64
		{C0FF640D-2C14-8DBE-F595-301E616989EF}.Release|x64.ActiveCfg = Release|x64
		{C0FF640D-2C14-8DBE-F595-301E616989EF}.Release|x64.Build.0 = Release|x64
		{36FD234F-22CA-7E5A-4BE3-6C02370FB4E8}.Debug|x64.ActiveCfg = Debug|x64
		{36FD234F-22CA-7E5A-4BE3-6C02370FB4E8}.Debug|x64.Build.0 = Debug|x64
		{36FD234F-22CA-7E5A-4BE3-6C02370FB4E8}.Dist|x64.ActiveCfg = Dist|x64
		{36FD234F-22CA-7E5A-4BE3-6C02370FB4E8}.Dist|x64.Build.0 = Dist|x64
		{36FD234F-22CA-7E5A-4BE3-6C02370FB4E8}.Release|x64.ActiveCfg = Release|x64
		{36FD234F-22CA-7E5A-4BE3-6C02370FB4E8}.Release|x64.Build.0 = Release|x64
		{34491FFB-A028-9E96-A940-296D159F04F8}.Debug|x64.ActiveCfg = Debug|x64
		{34491FFB-A028-9E96-A940-296D159F04F8}.Debug|x64.Build.0 = Debug|x64
		{34491FFB-A028-9E96-A940-296D159F04F8}.Dist|x64.ActiveCfg = Dist|x64
		{34491FFB-A028-9E96-A940-296D159F04F8}.Dist|x64.Build.0 = Dist|x64
		{34491FFB-A028-9E96-A940-296D159F04F8}.Release|x64.ActiveCfg = Release|x64
		{34491FFB-A028-9E96-A940-296D159F04F8}.Release|x64.Build.0 = Release|x64
		{6ACC3F23-D6AB-BEBE-DFC3-49954B222520}.Debug|x64.ActiveCfg = Debug|x64
		{6ACC3F23-D6AB-BEBE-DFC3-49954B222520}.Debug|x64.Build.0 = Debug|x64
		{6ACC3F23-D6AB-BEBE-DFC3-49954B222520}.Dist|x64.ActiveCfg = Dist|x64
		{6ACC3F23-D6AB-BEBE-DFC3-49954B222520}.Dist|x64.Build.0 = Dist|x64
		{6ACC3F23-D6AB-BEBE-DFC3-49954B222520}.Release|x64.ActiveCfg = Release|x64
		{6ACC3F23-D6AB-BEBE-DFC3-49954B222520}.Release|x64.Build.0 = Release|x64
		{88F1A057-74BE-FB62-9DD7-E90A890331F1}.Debug|x64.ActiveCfg = Debug|x64
		{88F1A057-74BE-FB62-9DD7-E90A890331F1}.Debug|x64.Build.0 = Debug|x64
		{88F1A057-74BE-FB62-9DD7-E90A890331F1}.Dist|x64.ActiveCfg = Dist|x64
		{88F1A057-74BE-FB62-9DD7-E90A890331F1}.Dist|x64.Build.0 = Dist|x64
		{88F1A057-74BE-FB62-9DD7-E90A890331F1}.Release|x64.ActiveCfg = Release|x64
		{88F1A057-74BE-FB62-9DD7-E90A890331F1}.Release|x64.Build.0 = Release|x64
		{0D94EDC7-7973-6C63-828B-F739EEE9D2C4}.Debug|x64.ActiveCfg = Debug|x64
		{0D94EDC7-7973-6C63-828B-F739EEE9D2C4}.Debug|x64.Build.0 = Debug|x64
		{0D94EDC7-7973-6C63-828B-F739EEE9D2C4}.Dist|x64.ActiveCfg = Dist|x64
		{0D94EDC7-7973-6C63-828B-F739EEE9D2C4}.Dist|x64.Build.0 = Dist|x64
		{0D94EDC7-7973-6C63-828B-F739EEE9D2C4}.Release|x64.ActiveCfg = Release|x64
		{0D94EDC7-7973-6C63-828B-F739EEE9D2C4}.Release|x64.Build.0 = Release|x64
	EndGlobalSection
	GlobalSection(SolutionProperties) = preSolution
		HideSolutionNode = FALSE
	EndGlobalSection
	GlobalSection(NestedProjects) = preSolution
		{C0FF640D-2C14-8DBE-F595-301E616989EF} = {53E47842-3FC8-3998-A828-34EB942B241A}
		{36FD234F-22CA-7E5A-4BE3-6C02370FB4E8} = {53E47842-3FC8-3998-A828-34EB942B241A}
		{34491FFB-A028-9E96-A940-296D159F04F8} = {53E47842-3FC8-3998-A828-34EB942B241A}
		{6ACC3F23-D6AB-BEBE-DFC3-49954B222520} = {53E47842-3FC8-3998-A828-34EB942B241A}
		{88F1A057-74BE-FB62-9DD7-E90A890331F1} = {53E47842-3FC8-3998-A828-34EB942B241A}
		{0D94EDC7-7973-6C63-828B-F739EEE9D2C4} = {8249BEE1-6EAC-4D86-1732-863C03741909}
	EndGlobalSection
EndGlobal
